
Microsoft Visual Studio Solution File, Format Version 12.00
# Visual Studio Version 16
VisualStudioVersion = 16.0.29609.76
MinimumVisualStudioVersion = 10.0.40219.1
Project("{FAE04EC0-301F-11D3-BF4B-00C04F79EFBC}") = "RESTConnector", "RESTConnector\RESTConnector.csproj", "{9B593C64-2C5F-4ACF-A42C-93AEE41DE691}"
EndProject
Project("{FAE04EC0-301F-11D3-BF4B-00C04F79EFBC}") = "ConsoleApp1", "ConsoleApp1\ConsoleApp1.csproj", "{22A56AE0-A978-4C70-8881-B1132E0FE6D2}"
EndProject
Global
	GlobalSection(SolutionConfigurationPlatforms) = preSolution
		Debug|Any CPU = Debug|Any CPU
		Release|Any CPU = Release|Any CPU
	EndGlobalSection
	GlobalSection(ProjectConfigurationPlatforms) = postSolution
		{9B593C64-2C5F-4ACF-A42C-93AEE41DE691}.Debug|Any CPU.ActiveCfg = Debug|Any CPU
		{9B593C64-2C5F-4ACF-A42C-93AEE41DE691}.Debug|Any CPU.Build.0 = Debug|Any CPU
		{9B593C64-2C5F-4ACF-A42C-93AEE41DE691}.Release|Any CPU.ActiveCfg = Release|Any CPU
		{9B593C64-2C5F-4ACF-A42C-93AEE41DE691}.Release|Any CPU.Build.0 = Release|Any CPU
		{22A56AE0-A978-4C70-8881-B1132E0FE6D2}.Debug|Any CPU.ActiveCfg = Debug|Any CPU
		{22A56AE0-A978-4C70-8881-B1132E0FE6D2}.Debug|Any CPU.Build.0 = Debug|Any CPU
		{22A56AE0-A978-4C70-8881-B1132E0FE6D2}.Release|Any CPU.ActiveCfg = Release|Any CPU
		{22A56AE0-A978-4C70-8881-B1132E0FE6D2}.Release|Any CPU.Build.0 = Release|Any CPU
	EndGlobalSection
	GlobalSection(SolutionProperties) = preSolution
		HideSolutionNode = FALSE
	EndGlobalSection
	GlobalSection(ExtensibilityGlobals) = postSolution
		SolutionGuid = {43152B58-6C2C-4B17-BE7E-2808615FA610}
	EndGlobalSection
EndGlobal
